
Microsoft Visual Studio Solution File, Format Version 12.00
# Visual Studio Version 16
VisualStudioVersion = 16.0.31624.102
MinimumVisualStudioVersion = 10.0.40219.1
Project("{FAE04EC0-301F-11D3-BF4B-00C04F79EFBC}") = "LinearAlgebra", "LinearAlgebra.csproj", "{FD3721F8-9AE4-4CBC-B334-62078F4C9414}"
EndProject
Project("{FAE04EC0-301F-11D3-BF4B-00C04F79EFBC}") = "IrisOpener", "..\IrisOpener\IrisOpener.csproj", "{E816107F-BF90-49BA-A9D8-4B3B19BBCBAA}"
EndProject
Global
	GlobalSection(SolutionConfigurationPlatforms) = preSolution
		Debug|Any CPU = Debug|Any CPU
		Release|Any CPU = Release|Any CPU
	EndGlobalSection
	GlobalSection(ProjectConfigurationPlatforms) = postSolution
		{FD3721F8-9AE4-4CBC-B334-62078F4C9414}.Debug|Any CPU.ActiveCfg = Debug|Any CPU
		{FD3721F8-9AE4-4CBC-B334-62078F4C9414}.Debug|Any CPU.Build.0 = Debug|Any CPU
		{FD3721F8-9AE4-4CBC-B334-62078F4C9414}.Release|Any CPU.ActiveCfg = Release|Any CPU
		{FD3721F8-9AE4-4CBC-B334-62078F4C9414}.Release|Any CPU.Build.0 = Release|Any CPU
		{E816107F-BF90-49BA-A9D8-4B3B19BBCBAA}.Debug|Any CPU.ActiveCfg = Debug|Any CPU
		{E816107F-BF90-49BA-A9D8-4B3B19BBCBAA}.Debug|Any CPU.Build.0 = Debug|Any CPU
		{E816107F-BF90-49BA-A9D8-4B3B19BBCBAA}.Release|Any CPU.ActiveCfg = Release|Any CPU
		{E816107F-BF90-49BA-A9D8-4B3B19BBCBAA}.Release|Any CPU.Build.0 = Release|Any CPU
	EndGlobalSection
	GlobalSection(SolutionProperties) = preSolution
		HideSolutionNode = FALSE
	EndGlobalSection
	GlobalSection(ExtensibilityGlobals) = postSolution
		SolutionGuid = {A8CA50DB-5226-4452-B7AE-EB164D1C7E67}
	EndGlobalSection
EndGlobal
